lockfileVersion: 5.3

specifiers:
  '@types/node': ^15.12.4
  '@types/prettier': ^2.3.0
  prettier: ^2.3.1
  prettier-plugin-svelte: ^2.3.1

dependencies:
  prettier-plugin-svelte: 2.3.1_prettier@2.3.1

devDependencies:
  '@types/node': 15.12.4
  '@types/prettier': 2.3.0
  prettier: 2.3.1

packages:

  /@types/node/15.12.4:
    resolution: {integrity: sha512-zrNj1+yqYF4WskCMOHwN+w9iuD12+dGm0rQ35HLl9/Ouuq52cEtd0CH9qMgrdNmi5ejC1/V7vKEXYubB+65DkA==}
    dev: true

  /@types/prettier/2.3.0:
    resolution: {integrity: sha512-hkc1DATxFLQo4VxPDpMH1gCkPpBbpOoJ/4nhuXw4n63/0R6bCpQECj4+K226UJ4JO/eJQz+1mC2I7JsWanAdQw==}
    dev: true

  /prettier-plugin-svelte/2.3.1_prettier@2.3.1:
    resolution: {integrity: sha512-F1/r6OYoBq8Zgurhs1MN25tdrhPw0JW5JjioPRqpxbYdmrZ3gY/DzHGs0B6zwd4DLyRsfGB2gqhxUCbHt/D1fw==}
    peerDependencies:
      prettier: ^1.16.4 || ^2.0.0
      svelte: ^3.2.0
    dependencies:
      prettier: 2.3.1
    dev: false

  /prettier/2.3.1:
    resolution: {integrity: sha512-p+vNbgpLjif/+D+DwAZAbndtRrR0md0MwfmOVN9N+2RgyACMT+7tfaRnT+WDPkqnuVwleyuBIG2XBxKDme3hPA==}
    engines: {node: '>=10.13.0'}
    hasBin: true
    dev: true
